
Microsoft Visual Studio Solution File, Format Version 12.00
# Visual Studio Version 17
VisualStudioVersion = 17.4.33205.214
MinimumVisualStudioVersion = 10.0.40219.1
Project("{FAE04EC0-301F-11D3-BF4B-00C04F79EFBC}") = "CCB Cadastros", "CCB Cadastros.csproj", "{0748F075-7853-4941-9B9B-E473BC57B1D5}"
EndProject
Global
	GlobalSection(SolutionConfigurationPlatforms) = preSolution
		Debug|Any CPU = Debug|Any CPU
		Release|Any CPU = Release|Any CPU
	EndGlobalSection
	GlobalSection(ProjectConfigurationPlatforms) = postSolution
		{0748F075-7853-4941-9B9B-E473BC57B1D5}.Debug|Any CPU.ActiveCfg = Debug|Any CPU
		{0748F075-7853-4941-9B9B-E473BC57B1D5}.Debug|Any CPU.Build.0 = Debug|Any CPU
		{0748F075-7853-4941-9B9B-E473BC57B1D5}.Release|Any CPU.ActiveCfg = Release|Any CPU
		{0748F075-7853-4941-9B9B-E473BC57B1D5}.Release|Any CPU.Build.0 = Release|Any CPU
	EndGlobalSection
	GlobalSection(SolutionProperties) = preSolution
		HideSolutionNode = FALSE
	EndGlobalSection
	GlobalSection(ExtensibilityGlobals) = postSolution
		SolutionGuid = {D643B67D-8D2B-413C-AE2F-B5ECDBAC0C4D}
	EndGlobalSection
EndGlobal
